
Microsoft Visual Studio Solution File, Format Version 12.00
# Visual Studio Version 16
VisualStudioVersion = 16.0.30128.74
MinimumVisualStudioVersion = 10.0.40219.1
Project("{9A19103F-16F7-4668-BE54-9A1E7A4F7556}") = "All_Range_Market", "All Range Market\All_Range_Market.csproj", "{D791B083-2AEA-42F4-924B-944EA6B98A76}"
EndProject
Global
	GlobalSection(SolutionConfigurationPlatforms) = preSolution
		Debug|Any CPU = Debug|Any CPU
		Release|Any CPU = Release|Any CPU
	EndGlobalSection
	GlobalSection(ProjectConfigurationPlatforms) = postSolution
		{D791B083-2AEA-42F4-924B-944EA6B98A76}.Debug|Any CPU.ActiveCfg = Debug|Any CPU
		{D791B083-2AEA-42F4-924B-944EA6B98A76}.Debug|Any CPU.Build.0 = Debug|Any CPU
		{D791B083-2AEA-42F4-924B-944EA6B98A76}.Release|Any CPU.ActiveCfg = Release|Any CPU
		{D791B083-2AEA-42F4-924B-944EA6B98A76}.Release|Any CPU.Build.0 = Release|Any CPU
	EndGlobalSection
	GlobalSection(SolutionProperties) = preSolution
		HideSolutionNode = FALSE
	EndGlobalSection
	GlobalSection(ExtensibilityGlobals) = postSolution
		SolutionGuid = {31FBC6D3-EFED-475D-B43C-BC4EF5A3B0AC}
	EndGlobalSection
EndGlobal
